// !$*UTF8*$!
{
	archiveVersion = 1;
	classes = {
	};
	objectVersion = 46;
	objects = {

/* Begin PBXBuildFile section */
		675C8D4B1E24C0D5001DF88D /* Store+CoreDataClass.swift in Sources */ = {isa = PBXBuildFile; fileRef = 675C8D431E24C0D5001DF88D /* Store+CoreDataClass.swift */; };
		675C8D4C1E24C0D5001DF88D /* Store+CoreDataProperties.swift in Sources */ = {isa = PBXBuildFile; fileRef = 675C8D441E24C0D5001DF88D /* Store+CoreDataProperties.swift */; };
		675C8D4D1E24C0D5001DF88D /* ItemType+CoreDataClass.swift in Sources */ = {isa = PBXBuildFile; fileRef = 675C8D451E24C0D5001DF88D /* ItemType+CoreDataClass.swift */; };
		675C8D4E1E24C0D5001DF88D /* ItemType+CoreDataProperties.swift in Sources */ = {isa = PBXBuildFile; fileRef = 675C8D461E24C0D5001DF88D /* ItemType+CoreDataProperties.swift */; };
		675C8D4F1E24C0D5001DF88D /* Item+CoreDataClass.swift in Sources */ = {isa = PBXBuildFile; fileRef = 675C8D471E24C0D5001DF88D /* Item+CoreDataClass.swift */; };
		675C8D501E24C0D5001DF88D /* Item+CoreDataProperties.swift in Sources */ = {isa = PBXBuildFile; fileRef = 675C8D481E24C0D5001DF88D /* Item+CoreDataProperties.swift */; };
		675C8D511E24C0D5001DF88D /* Image+CoreDataClass.swift in Sources */ = {isa = PBXBuildFile; fileRef = 675C8D491E24C0D5001DF88D /* Image+CoreDataClass.swift */; };
		675C8D521E24C0D5001DF88D /* Image+CoreDataProperties.swift in Sources */ = {isa = PBXBuildFile; fileRef = 675C8D4A1E24C0D5001DF88D /* Image+CoreDataProperties.swift */; };
		67689D981E24936C00D8A2EB /* AppDelegate.swift in Sources */ = {isa = PBXBuildFile; fileRef = 67689D971E24936C00D8A2EB /* AppDelegate.swift */; };
		67689D9A1E24936C00D8A2EB /* MainVC.swift in Sources */ = {isa = PBXBuildFile; fileRef = 67689D991E24936C00D8A2EB /* MainVC.swift */; };
		67689D9D1E24936C00D8A2EB /* Main.storyboard in Resources */ = {isa = PBXBuildFile; fileRef = 67689D9B1E24936C00D8A2EB /* Main.storyboard */; };
		67689DA01E24936C00D8A2EB /* DreamLister.xcdatamodeld in Sources */ = {isa = PBXBuildFile; fileRef = 67689D9E1E24936C00D8A2EB /* DreamLister.xcdatamodeld */; };
		67689DA21E24936C00D8A2EB /* Assets.xcassets in Resources */ = {isa = PBXBuildFile; fileRef = 67689DA11E24936C00D8A2EB /* Assets.xcassets */; };
		67689DA51E24936C00D8A2EB /* LaunchScreen.storyboard in Resources */ = {isa = PBXBuildFile; fileRef = 67689DA31E24936C00D8A2EB /* LaunchScreen.storyboard */; };
		677023B61E24EFC2001B1EA4 /* tesla.jpg in Resources */ = {isa = PBXBuildFile; fileRef = 677023B51E24EFC2001B1EA4 /* tesla.jpg */; };
		677023B91E24F049001B1EA4 /* MaterialView.swift in Sources */ = {isa = PBXBuildFile; fileRef = 677023B81E24F049001B1EA4 /* MaterialView.swift */; };
/* End PBXBuildFile section */

/* Begin PBXFileReference section */
		675C8D431E24C0D5001DF88D /* Store+CoreDataClass.swift */ = {isa = PBXFileReference; fileEncoding = 4; lastKnownFileType = sourcecode.swift; path = "Store+CoreDataClass.swift"; sourceTree = "<group>"; };
		675C8D441E24C0D5001DF88D /* Store+CoreDataProperties.swift */ = {isa = PBXFileReference; fileEncoding = 4; lastKnownFileType = sourcecode.swift; path = "Store+CoreDataProperties.swift"; sourceTree = "<group>"; };
		675C8D451E24C0D5001DF88D /* ItemType+CoreDataClass.swift */ = {isa = PBXFileReference; fileEncoding = 4; lastKnownFileType = sourcecode.swift; path = "ItemType+CoreDataClass.swift"; sourceTree = "<group>"; };
		675C8D461E24C0D5001DF88D /* ItemType+CoreDataProperties.swift */ = {isa = PBXFileReference; fileEncoding = 4; lastKnownFileType = sourcecode.swift; path = "ItemType+CoreDataProperties.swift"; sourceTree = "<group>"; };
		675C8D471E24C0D5001DF88D /* Item+CoreDataClass.swift */ = {isa = PBXFileReference; fileEncoding = 4; lastKnownFileType = sourcecode.swift; path = "Item+CoreDataClass.swift"; sourceTree = "<group>"; };
		675C8D481E24C0D5001DF88D /* Item+CoreDataProperties.swift */ = {isa = PBXFileReference; fileEncoding = 4; lastKnownFileType = sourcecode.swift; path = "Item+CoreDataProperties.swift"; sourceTree = "<group>"; };
		675C8D491E24C0D5001DF88D /* Image+CoreDataClass.swift */ = {isa = PBXFileReference; fileEncoding = 4; lastKnownFileType = sourcecode.swift; path = "Image+CoreDataClass.swift"; sourceTree = "<group>"; };
		675C8D4A1E24C0D5001DF88D /* Image+CoreDataProperties.swift */ = {isa = PBXFileReference; fileEncoding = 4; lastKnownFileType = sourcecode.swift; path = "Image+CoreDataProperties.swift"; sourceTree = "<group>"; };
		67689D941E24936C00D8A2EB /* DreamLister.app */ = {isa = PBXFileReference; explicitFileType = wrapper.application; includeInIndex = 0; path = DreamLister.app; sourceTree = BUILT_PRODUCTS_DIR; };
		67689D971E24936C00D8A2EB /* AppDelegate.swift */ = {isa = PBXFileReference; lastKnownFileType = sourcecode.swift; path = AppDelegate.swift; sourceTree = "<group>"; };
		67689D991E24936C00D8A2EB /* MainVC.swift */ = {isa = PBXFileReference; lastKnownFileType = sourcecode.swift; path = MainVC.swift; sourceTree = "<group>"; };
		67689D9C1E24936C00D8A2EB /* Base */ = {isa = PBXFileReference; lastKnownFileType = file.storyboard; name = Base; path = Base.lproj/Main.storyboard; sourceTree = "<group>"; };
		67689D9F1E24936C00D8A2EB /* DreamLister.xcdatamodel */ = {isa = PBXFileReference; lastKnownFileType = wrapper.xcdatamodel; path = DreamLister.xcdatamodel; sourceTree = "<group>"; };
		67689DA11E24936C00D8A2EB /* Assets.xcassets */ = {isa = PBXFileReference; lastKnownFileType = folder.assetcatalog; path = Assets.xcassets; sourceTree = "<group>"; };
		67689DA41E24936C00D8A2EB /* Base */ = {isa = PBXFileReference; lastKnownFileType = file.storyboard; name = Base; path = Base.lproj/LaunchScreen.storyboard; sourceTree = "<group>"; };
		67689DA61E24936C00D8A2EB /* Info.plist */ = {isa = PBXFileReference; lastKnownFileType = text.plist.xml; path = Info.plist; sourceTree = "<group>"; };
		677023B51E24EFC2001B1EA4 /* tesla.jpg */ = {isa = PBXFileReference; lastKnownFileType = image.jpeg; path = tesla.jpg; sourceTree = "<group>"; };
		677023B81E24F049001B1EA4 /* MaterialView.swift */ = {isa = PBXFileReference; fileEncoding = 4; lastKnownFileType = sourcecode.swift; path = MaterialView.swift; sourceTree = "<group>"; };
/* End PBXFileReference section */

/* Begin PBXFrameworksBuildPhase section */
		67689D911E24936B00D8A2EB /* Frameworks */ = {
			isa = PBXFrameworksBuildPhase;
			buildActionMask = 2147483647;
			files = (
			);
			runOnlyForDeploymentPostprocessing = 0;
		};
/* End PBXFrameworksBuildPhase section */

/* Begin PBXGroup section */
		675C8D531E24C0E3001DF88D /* Model */ = {
			isa = PBXGroup;
			children = (
				675C8D491E24C0D5001DF88D /* Image+CoreDataClass.swift */,
				675C8D451E24C0D5001DF88D /* ItemType+CoreDataClass.swift */,
				675C8D471E24C0D5001DF88D /* Item+CoreDataClass.swift */,
				675C8D431E24C0D5001DF88D /* Store+CoreDataClass.swift */,
				675C8D541E24C0F8001DF88D /* Generated */,
			);
			name = Model;
			sourceTree = "<group>";
		};
		675C8D541E24C0F8001DF88D /* Generated */ = {
			isa = PBXGroup;
			children = (
				675C8D461E24C0D5001DF88D /* ItemType+CoreDataProperties.swift */,
				677023B51E24EFC2001B1EA4 /* tesla.jpg */,
				675C8D4A1E24C0D5001DF88D /* Image+CoreDataProperties.swift */,
				675C8D481E24C0D5001DF88D /* Item+CoreDataProperties.swift */,
				675C8D441E24C0D5001DF88D /* Store+CoreDataProperties.swift */,
			);
			name = Generated;
			sourceTree = "<group>";
		};
		67689D8B1E24936B00D8A2EB = {
			isa = PBXGroup;
			children = (
				67689D961E24936C00D8A2EB /* DreamLister */,
				67689D951E24936C00D8A2EB /* Products */,
			);
			sourceTree = "<group>";
		};
		67689D951E24936C00D8A2EB /* Products */ = {
			isa = PBXGroup;
			children = (
				67689D941E24936C00D8A2EB /* DreamLister.app */,
			);
			name = Products;
			sourceTree = "<group>";
		};
		67689D961E24936C00D8A2EB /* DreamLister */ = {
			isa = PBXGroup;
			children = (
				677023B71E24F005001B1EA4 /* View */,
				675C8D531E24C0E3001DF88D /* Model */,
				67689D971E24936C00D8A2EB /* AppDelegate.swift */,
				67689D991E24936C00D8A2EB /* MainVC.swift */,
				67689D9B1E24936C00D8A2EB /* Main.storyboard */,
				67689DA11E24936C00D8A2EB /* Assets.xcassets */,
				67689DA31E24936C00D8A2EB /* LaunchScreen.storyboard */,
				67689DA61E24936C00D8A2EB /* Info.plist */,
				67689D9E1E24936C00D8A2EB /* DreamLister.xcdatamodeld */,
			);
			path = DreamLister;
			sourceTree = "<group>";
		};
		677023B71E24F005001B1EA4 /* View */ = {
			isa = PBXGroup;
			children = (
				677023B81E24F049001B1EA4 /* MaterialView.swift */,
			);
			name = View;
			sourceTree = "<group>";
		};
/* End PBXGroup section */

/* Begin PBXNativeTarget section */
		67689D931E24936B00D8A2EB /* DreamLister */ = {
			isa = PBXNativeTarget;
			buildConfigurationList = 67689DA91E24936C00D8A2EB /* Build configuration list for PBXNativeTarget "DreamLister" */;
			buildPhases = (
				67689D901E24936B00D8A2EB /* Sources */,
				67689D911E24936B00D8A2EB /* Frameworks */,
				67689D921E24936B00D8A2EB /* Resources */,
			);
			buildRules = (
			);
			dependencies = (
			);
			name = DreamLister;
			productName = DreamLister;
			productReference = 67689D941E24936C00D8A2EB /* DreamLister.app */;
			productType = "com.apple.product-type.application";
		};
/* End PBXNativeTarget section */

/* Begin PBXProject section */
		67689D8C1E24936B00D8A2EB /* Project object */ = {
			isa = PBXProject;
			attributes = {
				LastSwiftUpdateCheck = 0800;
				LastUpgradeCheck = 0800;
				ORGANIZATIONNAME = NguyenHung;
				TargetAttributes = {
					67689D931E24936B00D8A2EB = {
						CreatedOnToolsVersion = 8.0;
						ProvisioningStyle = Automatic;
					};
				};
			};
			buildConfigurationList = 67689D8F1E24936B00D8A2EB /* Build configuration list for PBXProject "DreamLister" */;
			compatibilityVersion = "Xcode 3.2";
			developmentRegion = English;
			hasScannedForEncodings = 0;
			knownRegions = (
				en,
				Base,
			);
			mainGroup = 67689D8B1E24936B00D8A2EB;
			productRefGroup = 67689D951E24936C00D8A2EB /* Products */;
			projectDirPath = "";
			projectRoot = "";
			targets = (
				67689D931E24936B00D8A2EB /* DreamLister */,
			);
		};
/* End PBXProject section */

/* Begin PBXResourcesBuildPhase section */
		67689D921E24936B00D8A2EB /* Resources */ = {
			isa = PBXResourcesBuildPhase;
			buildActionMask = 2147483647;
			files = (
				67689DA51E24936C00D8A2EB /* LaunchScreen.storyboard in Resources */,
				677023B61E24EFC2001B1EA4 /* tesla.jpg in Resources */,
				67689DA21E24936C00D8A2EB /* Assets.xcassets in Resources */,
				67689D9D1E24936C00D8A2EB /* Main.storyboard in Resources */,
			);
			runOnlyForDeploymentPostprocessing = 0;
		};
/* End PBXResourcesBuildPhase section */

/* Begin PBXSourcesBuildPhase section */
		67689D901E24936B00D8A2EB /* Sources */ = {
			isa = PBXSourcesBuildPhase;
			buildActionMask = 2147483647;
			files = (
				675C8D4D1E24C0D5001DF88D /* ItemType+CoreDataClass.swift in Sources */,
				675C8D4C1E24C0D5001DF88D /* Store+CoreDataProperties.swift in Sources */,
				67689D9A1E24936C00D8A2EB /* MainVC.swift in Sources */,
				677023B91E24F049001B1EA4 /* MaterialView.swift in Sources */,
				675C8D4B1E24C0D5001DF88D /* Store+CoreDataClass.swift in Sources */,
				67689D981E24936C00D8A2EB /* AppDelegate.swift in Sources */,
				675C8D4E1E24C0D5001DF88D /* ItemType+CoreDataProperties.swift in Sources */,
				675C8D501E24C0D5001DF88D /* Item+CoreDataProperties.swift in Sources */,
				675C8D4F1E24C0D5001DF88D /* Item+CoreDataClass.swift in Sources */,
				67689DA01E24936C00D8A2EB /* DreamLister.xcdatamodeld in Sources */,
				675C8D511E24C0D5001DF88D /* Image+CoreDataClass.swift in Sources */,
				675C8D521E24C0D5001DF88D /* Image+CoreDataProperties.swift in Sources */,
			);
			runOnlyForDeploymentPostprocessing = 0;
		};
/* End PBXSourcesBuildPhase section */

/* Begin PBXVariantGroup section */
		67689D9B1E24936C00D8A2EB /* Main.storyboard */ = {
			isa = PBXVariantGroup;
			children = (
				67689D9C1E24936C00D8A2EB /* Base */,
			);
			name = Main.storyboard;
			sourceTree = "<group>";
		};
		67689DA31E24936C00D8A2EB /* LaunchScreen.storyboard */ = {
			isa = PBXVariantGroup;
			children = (
				67689DA41E24936C00D8A2EB /* Base */,
			);
			name = LaunchScreen.storyboard;
			sourceTree = "<group>";
		};
/* End PBXVariantGroup section */

/* Begin XCBuildConfiguration section */
		67689DA71E24936C00D8A2EB /* Debug */ = {
			isa = XCBuildConfiguration;
			buildSettings = {
				ALWAYS_SEARCH_USER_PATHS = NO;
				CLANG_ANALYZER_NONNULL = YES;
				CLANG_CXX_LANGUAGE_STANDARD = "gnu++0x";
				CLANG_CXX_LIBRARY = "libc++";
				CLANG_ENABLE_MODULES = YES;
				CLANG_ENABLE_OBJC_ARC = YES;
				CLANG_WARN_BOOL_CONVERSION = YES;
				CLANG_WARN_CONSTANT_CONVERSION = YES;
				CLANG_WARN_DIRECT_OBJC_ISA_USAGE = YES_ERROR;
				CLANG_WARN_DOCUMENTATION_COMMENTS = YES;
				CLANG_WARN_EMPTY_BODY = YES;
				CLANG_WARN_ENUM_CONVERSION = YES;
				CLANG_WARN_INFINITE_RECURSION = YES;
				CLANG_WARN_INT_CONVERSION = YES;
				CLANG_WARN_OBJC_ROOT_CLASS = YES_ERROR;
				CLANG_WARN_SUSPICIOUS_MOVES = YES;
				CLANG_WARN_UNREACHABLE_CODE = YES;
				CLANG_WARN__DUPLICATE_METHOD_MATCH = YES;
				"CODE_SIGN_IDENTITY[sdk=iphoneos*]" = "iPhone Developer";
				COPY_PHASE_STRIP = NO;
				DEBUG_INFORMATION_FORMAT = dwarf;
				ENABLE_STRICT_OBJC_MSGSEND = YES;
				ENABLE_TESTABILITY = YES;
				GCC_C_LANGUAGE_STANDARD = gnu99;
				GCC_DYNAMIC_NO_PIC = NO;
				GCC_NO_COMMON_BLOCKS = YES;
				GCC_OPTIMIZATION_LEVEL = 0;
				GCC_PREPROCESSOR_DEFINITIONS = (
					"DEBUG=1",
					"$(inherited)",
				);
				GCC_WARN_64_TO_32_BIT_CONVERSION = YES;
				GCC_WARN_ABOUT_RETURN_TYPE = YES_ERROR;
				GCC_WARN_UNDECLARED_SELECTOR = YES;
				GCC_WARN_UNINITIALIZED_AUTOS = YES_AGGRESSIVE;
				GCC_WARN_UNUSED_FUNCTION = YES;
				GCC_WARN_UNUSED_VARIABLE = YES;
				IPHONEOS_DEPLOYMENT_TARGET = 10.0;
				MTL_ENABLE_DEBUG_INFO = YES;
				ONLY_ACTIVE_ARCH = YES;
				SDKROOT = iphoneos;
				SWIFT_ACTIVE_COMPILATION_CONDITIONS = DEBUG;
				SWIFT_OPTIMIZATION_LEVEL = "-Onone";
			};
			name = Debug;
		};
		67689DA81E24936C00D8A2EB /* Release */ = {
			isa = XCBuildConfiguration;
			buildSettings = {
				ALWAYS_SEARCH_USER_PATHS = NO;
				CLANG_ANALYZER_NONNULL = YES;
				CLANG_CXX_LANGUAGE_STANDARD = "gnu++0x";
				CLANG_CXX_LIBRARY = "libc++";
				CLANG_ENABLE_MODULES = YES;
				CLANG_ENABLE_OBJC_ARC = YES;
				CLANG_WARN_BOOL_CONVERSION = YES;
				CLANG_WARN_CONSTANT_CONVERSION = YES;
				CLANG_WARN_DIRECT_OBJC_ISA_USAGE = YES_ERROR;
				CLANG_WARN_DOCUMENTATION_COMMENTS = YES;
				CLANG_WARN_EMPTY_BODY = YES;
				CLANG_WARN_ENUM_CONVERSION = YES;
				CLANG_WARN_INFINITE_RECURSION = YES;
				CLANG_WARN_INT_CONVERSION = YES;
				CLANG_WARN_OBJC_ROOT_CLASS = YES_ERROR;
				CLANG_WARN_SUSPICIOUS_MOVES = YES;
				CLANG_WARN_UNREACHABLE_CODE = YES;
				CLANG_WARN__DUPLICATE_METHOD_MATCH = YES;
				"CODE_SIGN_IDENTITY[sdk=iphoneos*]" = "iPhone Developer";
				COPY_PHASE_STRIP = NO;
				DEBUG_INFORMATION_FORMAT = "dwarf-with-dsym";
				ENABLE_NS_ASSERTIONS = NO;
				ENABLE_STRICT_OBJC_MSGSEND = YES;
				GCC_C_LANGUAGE_STANDARD = gnu99;
				GCC_NO_COMMON_BLOCKS = YES;
				GCC_WARN_64_TO_32_BIT_CONVERSION = YES;
				GCC_WARN_ABOUT_RETURN_TYPE = YES_ERROR;
				GCC_WARN_UNDECLARED_SELECTOR = YES;
				GCC_WARN_UNINITIALIZED_AUTOS = YES_AGGRESSIVE;
				GCC_WARN_UNUSED_FUNCTION = YES;
				GCC_WARN_UNUSED_VARIABLE = YES;
				IPHONEOS_DEPLOYMENT_TARGET = 10.0;
				MTL_ENABLE_DEBUG_INFO = NO;
				SDKROOT = iphoneos;
				SWIFT_OPTIMIZATION_LEVEL = "-Owholemodule";
				VALIDATE_PRODUCT = YES;
			};
			name = Release;
		};
		67689DAA1E24936C00D8A2EB /* Debug */ = {
			isa = XCBuildConfiguration;
			buildSettings = {
				ASSETCATALOG_COMPILER_APPICON_NAME = AppIcon;
				INFOPLIST_FILE = DreamLister/Info.plist;
				LD_RUNPATH_SEARCH_PATHS = "$(inherited) @executable_path/Frameworks";
				PRODUCT_BUNDLE_IDENTIFIER = com.DreamLister;
				PRODUCT_NAME = "$(TARGET_NAME)";
				SWIFT_VERSION = 3.0;
			};
			name = Debug;
		};
		67689DAB1E24936C00D8A2EB /* Release */ = {
			isa = XCBuildConfiguration;
			buildSettings = {
				ASSETCATALOG_COMPILER_APPICON_NAME = AppIcon;
				INFOPLIST_FILE = DreamLister/Info.plist;
				LD_RUNPATH_SEARCH_PATHS = "$(inherited) @executable_path/Frameworks";
				PRODUCT_BUNDLE_IDENTIFIER = com.DreamLister;
				PRODUCT_NAME = "$(TARGET_NAME)";
				SWIFT_VERSION = 3.0;
			};
			name = Release;
		};
/* End XCBuildConfiguration section */

/* Begin XCConfigurationList section */
		67689D8F1E24936B00D8A2EB /* Build configuration list for PBXProject "DreamLister" */ = {
			isa = XCConfigurationList;
			buildConfigurations = (
				67689DA71E24936C00D8A2EB /* Debug */,
				67689DA81E24936C00D8A2EB /* Release */,
			);
			defaultConfigurationIsVisible = 0;
			defaultConfigurationName = Release;
		};
		67689DA91E24936C00D8A2EB /* Build configuration list for PBXNativeTarget "DreamLister" */ = {
			isa = XCConfigurationList;
			buildConfigurations = (
				67689DAA1E24936C00D8A2EB /* Debug */,
				67689DAB1E24936C00D8A2EB /* Release */,
			);
			defaultConfigurationIsVisible = 0;
			defaultConfigurationName = Release;
		};
/* End XCConfigurationList section */

/* Begin XCVersionGroup section */
		67689D9E1E24936C00D8A2EB /* DreamLister.xcdatamodeld */ = {
			isa = XCVersionGroup;
			children = (
				67689D9F1E24936C00D8A2EB /* DreamLister.xcdatamodel */,
			);
			currentVersion = 67689D9F1E24936C00D8A2EB /* DreamLister.xcdatamodel */;
			path = DreamLister.xcdatamodeld;
			sourceTree = "<group>";
			versionGroupType = wrapper.xcdatamodel;
		};
/* End XCVersionGroup section */
	};
	rootObject = 67689D8C1E24936B00D8A2EB /* Project object */;
}
